
Microsoft Visual Studio Solution File, Format Version 12.00
# Visual Studio 15
Project("{FAE04EC0-301F-11D3-BF4B-00C04F79EFBC}") = "Assembly-CSharp-Editor", "Assembly-CSharp-Editor.csproj", "{B4DF8C62-92F8-CB2B-56AA-6CADDC07E6FB}"
EndProject
Project("{FAE04EC0-301F-11D3-BF4B-00C04F79EFBC}") = "Assembly-CSharp", "Assembly-CSharp.csproj", "{631B3F1F-2E39-DDF0-0465-34EA6E14ECF7}"
EndProject
Global
	GlobalSection(SolutionConfigurationPlatforms) = preSolution
		Debug|Any CPU = Debug|Any CPU
		Release|Any CPU = Release|Any CPU
	EndGlobalSection
	GlobalSection(ProjectConfigurationPlatforms) = postSolution
		{B4DF8C62-92F8-CB2B-56AA-6CADDC07E6FB}.Debug|Any CPU.ActiveCfg = Debug|Any CPU
		{B4DF8C62-92F8-CB2B-56AA-6CADDC07E6FB}.Debug|Any CPU.Build.0 = Debug|Any CPU
		{B4DF8C62-92F8-CB2B-56AA-6CADDC07E6FB}.Release|Any CPU.ActiveCfg = Release|Any CPU
		{B4DF8C62-92F8-CB2B-56AA-6CADDC07E6FB}.Release|Any CPU.Build.0 = Release|Any CPU
		{631B3F1F-2E39-DDF0-0465-34EA6E14ECF7}.Debug|Any CPU.ActiveCfg = Debug|Any CPU
		{631B3F1F-2E39-DDF0-0465-34EA6E14ECF7}.Debug|Any CPU.Build.0 = Debug|Any CPU
		{631B3F1F-2E39-DDF0-0465-34EA6E14ECF7}.Release|Any CPU.ActiveCfg = Release|Any CPU
		{631B3F1F-2E39-DDF0-0465-34EA6E14ECF7}.Release|Any CPU.Build.0 = Release|Any CPU
	EndGlobalSection
	GlobalSection(SolutionProperties) = preSolution
		HideSolutionNode = FALSE
	EndGlobalSection
EndGlobal
